dependencies:
  espressif/esp_websocket_client:
    component_hash: dc00233af846f3a744ada283a300e0d586040aadc3ee67361645ecdce4523672
    dependencies:
    - name: idf
      require: private
      version: '>=5.0'
    source:
      registry_url: https://components.espressif.com/
      type: service
    version: 1.8.0
  espressif/mdns:
    component_hash: 459eef3d6fc4a224c7fdac2943233daa67e2c6588459177cb2414af586fb8700
    dependencies:
    - name: idf
      require: private
      version: '>=5.0'
    source:
      registry_url: https://components.espressif.com/
      type: service
    version: 1.13.0
  idf:
    source:
      type: idf
    version: 5.4.1
direct_dependencies:
- espressif/esp_websocket_client
- espressif/mdns
manifest_hash: 3077b00f38d784d3f7751d22524ee50a8c5481b70adc876cf6869ba0f8653801
target: esp32c6
version: 2.0.0
