dependencies:
  espressif/esp_lcd_qemu_rgb:
    component_hash: e8981dd7399504a5ab647ce28a4876f8467c03b759895f50c24f0cb6095faaa0
    dependencies:
    - name: idf
      require: private
      version: '>=5.3'
    source:
      registry_url: https://components.espressif.com/
      type: service
    version: 1.0.2
  idf:
    source:
      type: idf
    version: 5.3.0
direct_dependencies:
- espressif/esp_lcd_qemu_rgb
manifest_hash: 2f32c0c160e654aef1df3c2f0aa3a73fcc7e5837ee4d2aba99478b39b0b092cc
target: esp32c3
version: 2.0.0
